
Microsoft Visual Studio Solution File, Format Version 12.00
# Visual Studio 14
VisualStudioVersion = 14.0.25420.1
MinimumVisualStudioVersion = 10.0.40219.1
Project("{FAE04EC0-301F-11D3-BF4B-00C04F79EFBC}") = "TICTACTOE", "TICTACTOE\TICTACTOE.csproj", "{D844369E-80DE-476F-87AF-7F044BD8A6D7}"
EndProject
Project("{FAE04EC0-301F-11D3-BF4B-00C04F79EFBC}") = "TicTacToeGame", "TicTacToeGame\TicTacToeGame.csproj", "{4C36F4B5-9C9E-4EE4-97C2-531AEE1E0081}"
EndProject
Global
	GlobalSection(SolutionConfigurationPlatforms) = preSolution
		Debug|Any CPU = Debug|Any CPU
		Release|Any CPU = Release|Any CPU
	EndGlobalSection
	GlobalSection(ProjectConfigurationPlatforms) = postSolution
		{D844369E-80DE-476F-87AF-7F044BD8A6D7}.Debug|Any CPU.ActiveCfg = Debug|Any CPU
		{D844369E-80DE-476F-87AF-7F044BD8A6D7}.Debug|Any CPU.Build.0 = Debug|Any CPU
		{D844369E-80DE-476F-87AF-7F044BD8A6D7}.Release|Any CPU.ActiveCfg = Release|Any CPU
		{D844369E-80DE-476F-87AF-7F044BD8A6D7}.Release|Any CPU.Build.0 = Release|Any CPU
		{4C36F4B5-9C9E-4EE4-97C2-531AEE1E0081}.Debug|Any CPU.ActiveCfg = Debug|Any CPU
		{4C36F4B5-9C9E-4EE4-97C2-531AEE1E0081}.Debug|Any CPU.Build.0 = Debug|Any CPU
		{4C36F4B5-9C9E-4EE4-97C2-531AEE1E0081}.Release|Any CPU.ActiveCfg = Release|Any CPU
		{4C36F4B5-9C9E-4EE4-97C2-531AEE1E0081}.Release|Any CPU.Build.0 = Release|Any CPU
	EndGlobalSection
	GlobalSection(SolutionProperties) = preSolution
		HideSolutionNode = FALSE
	EndGlobalSection
EndGlobal
